<?xml version="1.0" encoding="utf-8"?>
<Project ToolsVersion="4.0" xmlns="http://schemas.microsoft.com/developer/msbuild/2003">
  <ItemGroup>
    <FxCompile Include="resources\shaders\Object3d.PS.hlsl" />
    <FxCompile Include="resources\shaders\Object3d.VS.hlsl" />
    <FxCompile Include="resources\shaders\Sprite.PS.hlsl" />
    <FxCompile Include="resources\shaders\Sprite.VS.hlsl" />
  </ItemGroup>

  <ItemGroup>
    <!-- 統合されたClCompile。重複排除・Filter保持 -->
    <ClCompile Include="main.cpp"><Filter>ソース ファイル</Filter></ClCompile>
    <ClCompile Include="engine\bace\WinAPI.cpp"><Filter>ソース ファイル\bace</Filter></ClCompile>
    <ClCompile Include="engine\bace\DirectXCommon.cpp"><Filter>ソース ファイル\bace</Filter></ClCompile>
    <ClCompile Include="engine\bace\D3DResourceLeakChecker.cpp"><Filter>ソース ファイル\bace</Filter></ClCompile>
    <ClCompile Include="engine\3d\Object3D.cpp"><Filter>ソース ファイル\3d</Filter></ClCompile>
    <ClCompile Include="engine\3d\Object3DCommon.cpp"><Filter>ソース ファイル\3d</Filter></ClCompile>
    <ClCompile Include="engine\2d\Sprite.cpp"><Filter>ソース ファイル\2d</Filter></ClCompile>
    <ClCompile Include="engine\2d\SpriteCommon.cpp"><Filter>ソース ファイル\2d</Filter></ClCompile>
    <ClCompile Include="engine\bace\StringUtility.cpp"><Filter>ソース ファイル\bace</Filter></ClCompile>
    <ClCompile Include="engine\bace\Logger.cpp"><Filter>ソース ファイル\bace</Filter></ClCompile>
    <ClCompile Include="engine\bace\Input.cpp"><Filter>ソース ファイル\bace</Filter></ClCompile>
    <ClCompile Include="engine\bace\TextureManager.cpp"><Filter>ソース ファイル\2d</Filter></ClCompile>
    <ClCompile Include="engine\bace\SrvManager.cpp"><Filter>ソース ファイル</Filter></ClCompile>
    <ClCompile Include="engine\bace\ImGuiManager.cpp"><Filter>ソース ファイル</Filter></ClCompile>
    <ClCompile Include="engine\math\MakeMatrix.cpp"><Filter>ソース ファイル\math</Filter></ClCompile>
    <ClCompile Include="engine\3d\Model.cpp"><Filter>ソース ファイル\3d</Filter></ClCompile>
    <ClCompile Include="engine\3d\ModelCommon.cpp"><Filter>ソース ファイル\3d</Filter></ClCompile>
    <ClCompile Include="engine\3d\ModelManager.cpp"><Filter>ソース ファイル\3d</Filter></ClCompile>
    <ClCompile Include="Game\Camera\Camera.cpp"><Filter>ソース ファイル</Filter></ClCompile>
    <ClCompile Include="Game\Scene\MyGame.cpp"><Filter>ソース ファイル</Filter></ClCompile>
    <ClCompile Include="InsideScene\Framework.cpp"><Filter>ソース ファイル</Filter></ClCompile>
    <ClCompile Include="engine\Audio\Audio.cpp"><Filter>ソース ファイル</Filter></ClCompile>
    <ClCompile Include="Game\Scene\GamePlayScene.cpp"><Filter>ソース ファイル</Filter></ClCompile>
    <ClCompile Include="Game\Scene\TitleScene.cpp"><Filter>ソース ファイル</Filter></ClCompile>
    <ClCompile Include="InsideScene\BaseScene.cpp"><Filter>ソース ファイル</Filter></ClCompile>
    <ClCompile Include="InsideScene\SceneManager.cpp"><Filter>ソース ファイル</Filter></ClCompile>
    <ClCompile Include="InsideScene\AbstractSceneFactory.cpp"><Filter>ソース ファイル</Filter></ClCompile>
    <ClCompile Include="InsideScene\SceneFactory.cpp"><Filter>ソース ファイル</Filter></ClCompile>
    <ClCompile Include="Game\Particle\ParticleManager.cpp"><Filter>ソース ファイル</Filter></ClCompile>
    <ClCompile Include="Game\Particle\ParticleEmitter.cpp"><Filter>ソース ファイル</Filter></ClCompile>
    <ClCompile Include="Game\Particle\EffectManager.cpp"><Filter>ソース ファイル</Filter></ClCompile>
    <ClCompile Include="Game\Particle\EffectEmitter.cpp"><Filter>ソース ファイル</Filter></ClCompile>
    <ClCompile Include="Game\Application\ModelList.cpp"><Filter>ソース ファイル</Filter></ClCompile>
    <!-- masterブランチから追加された分 -->
    <ClCompile Include="Game\Loader\LevelLoader.cpp"><Filter>ソース ファイル</Filter></ClCompile>
    <ClCompile Include="engine\3d\SkyBox\SkyBox.cpp"><Filter>ソース ファイル</Filter></ClCompile>
    <ClCompile Include="engine\2d\RenderTexture.cpp"><Filter>ソース ファイル</Filter></ClCompile>
  </ItemGroup>

  <!-- ヘッダーファイルのItemGroupも同様に統合する必要あり（長いためここでは省略） -->

  <ItemGroup>
    <Text Include="externals\imgui\LICENSE.txt" />
  </ItemGroup>

  <ItemGroup>
    <None Include="resources\shaders\Sprite.hlsli" />
  </ItemGroup>
</Project>
