<?xml version="1.0" encoding="utf-8"?>
<Project ToolsVersion="4.0" xmlns="http://schemas.microsoft.com/developer/msbuild/2003">
  <ItemGroup>
    <FxCompile Include="resources\shaders\Object3d.PS.hlsl" />
    <FxCompile Include="resources\shaders\Object3d.VS.hlsl" />
  </ItemGroup>
  <ItemGroup>
    <!-- 統合されたClCompile。重複排除・Filter保持 -->
    <!-- masterブランチから追加された分 -->
    <ClCompile Include="Game\Collision\CollisionManager.cpp" />
    <ClCompile Include="Game\Application\Enemy\EnemyBace.cpp" />
    <ClCompile Include="Game\Collision\Collider.cpp" />
    <ClCompile Include="Game\Application\CsvLoader.cpp" />
    <ClCompile Include="Game\Application\Block.cpp" />
    <ClCompile Include="Game\Application\ModelList.cpp" />
    <ClCompile Include="Game\Particle\EffectEmitter.cpp" />
    <ClCompile Include="Game\Particle\EffectManager.cpp" />
    <ClCompile Include="InsideScene\AbstractSceneFactory.cpp" />
    <ClCompile Include="engine\Audio\Audio.cpp" />
    <ClCompile Include="InsideScene\BaseScene.cpp" />
    <ClCompile Include="Game\Camera\Camera.cpp" />
    <ClCompile Include="engine\bace\D3DResourceLeakChecker.cpp" />
    <ClCompile Include="engine\bace\DirectXCommon.cpp" />
    <ClCompile Include="engine\bace\Input.cpp" />
    <ClCompile Include="engine\bace\Logger.cpp" />
    <ClCompile Include="InsideScene\Framework.cpp" />
    <ClCompile Include="Game\Scene\GamePlayScene.cpp" />
    <ClCompile Include="engine\bace\ImGuiManager.cpp" />
    <ClCompile Include="Game\Loader\LevelLoader.cpp" />
    <ClCompile Include="main.cpp" />
    <ClCompile Include="engine\math\MakeMatrix.cpp" />
    <ClCompile Include="engine\3d\Model.cpp" />
    <ClCompile Include="engine\3d\ModelCommon.cpp" />
    <ClCompile Include="engine\3d\ModelManager.cpp" />
    <ClCompile Include="engine\3d\Object3D.cpp" />
    <ClCompile Include="engine\3d\Object3DCommon.cpp" />
    <ClCompile Include="engine\2d\Sprite.cpp" />
    <ClCompile Include="engine\2d\SpriteCommon.cpp" />
    <ClCompile Include="engine\bace\StringUtility.cpp" />
    <ClCompile Include="engine\bace\TextureManager.cpp" />
    <ClCompile Include="engine\bace\WinAPI.cpp" />
    <ClCompile Include="Game\Scene\MyGame.cpp" />
    <ClCompile Include="Game\Particle\ParticleEmitter.cpp" />
    <ClCompile Include="Game\Particle\ParticleManager.cpp" />
    <ClCompile Include="InsideScene\SceneFactory.cpp" />
    <ClCompile Include="InsideScene\SceneManager.cpp" />
    <ClCompile Include="engine\bace\SrvManager.cpp" />
    <ClCompile Include="Game\Scene\TitleScene.cpp" />
    <ClCompile Include="Game\Application\Map.cpp" />
    <ClCompile Include="Game\Application\StageType.cpp" />
    <ClCompile Include="Game\Scene\StageCelectScene.cpp" />
    <ClCompile Include="Game\Application\Player.cpp" />
    <ClCompile Include="Game\Application\Enemy\NormalEnemy.cpp" />
    <ClCompile Include="engine\3d\SkyBox\SkyBox.cpp" />
    <ClCompile Include="engine\2d\RenderTexture.cpp" />
    <ClCompile Include="Game\Application\Enemy\EnemyFactory.cpp" />
    <ClCompile Include="Game\Application\Enemy\FlyingEnemy.cpp" />
  </ItemGroup>
  <!-- ヘッダーファイルのItemGroupも同様に統合する必要あり（長いためここでは省略） -->
  <ItemGroup>
    <Text Include="externals\imgui\LICENSE.txt" />
  </ItemGroup>
  <ItemGroup>
    <ClInclude Include="Game\Collision\CollisionManager.h" />
    <ClInclude Include="Game\Application\Enemy\EnemyBace.h" />
    <ClInclude Include="Game\Collision\Collider.h" />
    <ClInclude Include="Game\Application\BlockType.h" />
    <ClInclude Include="Game\Application\CsvLoader.h" />
    <ClInclude Include="Game\Application\Block.h" />
    <ClInclude Include="Game\Application\ModelList.h" />
    <ClInclude Include="Game\Particle\EffectEmitter.h" />
    <ClInclude Include="Game\Particle\EffectManager.h" />
    <ClInclude Include="InsideScene\AbstractSceneFactory.h" />
    <ClInclude Include="engine\Audio\Audio.h" />
    <ClInclude Include="InsideScene\BaseScene.h" />
    <ClInclude Include="Game\Camera\Camera.h" />
    <ClInclude Include="engine\bace\D3DResourceLeakChecker.h" />
    <ClInclude Include="engine\bace\DirectXCommon.h" />
    <ClInclude Include="engine\bace\Input.h" />
    <ClInclude Include="engine\bace\Logger.h" />
    <ClInclude Include="engine\math\MakeMatrix.h" />
    <ClInclude Include="engine\math\MyMath.h" />
    <ClInclude Include="engine\3d\Model.h" />
    <ClInclude Include="engine\3d\ModelCommon.h" />
    <ClInclude Include="engine\3d\ModelManager.h" />
    <ClInclude Include="engine\3d\Object3D.h" />
    <ClInclude Include="engine\3d\Object3DCommon.h" />
    <ClInclude Include="engine\2d\Sprite.h" />
    <ClInclude Include="engine\2d\SpriteCommon.h" />
    <ClInclude Include="engine\bace\StringUtility.h" />
    <ClInclude Include="engine\bace\TextureManager.h" />
    <ClInclude Include="engine\bace\WinAPI.h" />
    <ClInclude Include="InsideScene\Framework.h" />
    <ClInclude Include="Game\Scene\GamePlayScene.h" />
    <ClInclude Include="engine\bace\ImGuiManager.h" />
    <ClInclude Include="Game\Scene\MyGame.h" />
    <ClInclude Include="Game\Particle\ParticleEmitter.h" />
    <ClInclude Include="Game\Particle\ParticleManager.h" />
    <ClInclude Include="InsideScene\SceneFactory.h" />
    <ClInclude Include="InsideScene\SceneManager.h" />
    <ClInclude Include="engine\bace\SrvManager.h" />
    <ClInclude Include="Game\Scene\TitleScene.h" />
    <ClInclude Include="Game\Application\Map.h" />
    <ClInclude Include="Game\Application\StageType.h" />
    <ClInclude Include="Game\Scene\StageCelectScene.h" />
    <ClInclude Include="Game\Application\Player.h" />
    <ClInclude Include="Game\Application\Enemy\NormalEnemy.h" />
    <ClInclude Include="Game\Loader\LevelLoader.h" />
    <ClInclude Include="engine\3d\SkyBox\SkyBox.h" />
    <ClInclude Include="engine\2d\RenderTexture.h" />
    <ClInclude Include="Game\Application\Enemy\EnemyFactory.h" />
    <ClInclude Include="Game\Application\Enemy\FlyingEnemy.h" />
  </ItemGroup>
</Project>